
Microsoft Visual Studio Solution File, Format Version 12.00
# Visual Studio Version 17
VisualStudioVersion = 17.8.34511.84
MinimumVisualStudioVersion = 10.0.40219.1
Project("{2150E333-8FDC-42A3-9474-1A3956D46DE8}") = "src", "src", "{1AB9BEE8-B62C-4DDF-B581-C2AC8EA3879E}"
EndProject
Project("{2150E333-8FDC-42A3-9474-1A3956D46DE8}") = "Services", "Services", "{B4040274-59ED-4F97-A78A-8E1630028046}"
EndProject
Project("{2150E333-8FDC-42A3-9474-1A3956D46DE8}") = "Catalog", "Catalog", "{0998C796-793C-4DD5-8EF1-A23031BC21F0}"
EndProject
Project("{9A19103F-16F7-4668-BE54-9A1E7A4F7556}") = "Catalog.API", "Services\Catalog\Catalog.API\Catalog.API.csproj", "{040006DB-577E-46F6-8430-8FDB4CB74FB0}"
EndProject
Project("{2150E333-8FDC-42A3-9474-1A3956D46DE8}") = "BuildingBlocks", "BuildingBlocks", "{E7F23040-0CBB-47BD-B36D-44BD9CE05063}"
EndProject
Project("{9A19103F-16F7-4668-BE54-9A1E7A4F7556}") = "BuildingBlocks", "BuildingBlocks\BuildingBlocks\BuildingBlocks.csproj", "{140FCED7-D903-4D5B-B7AF-8F839821A737}"
EndProject
Project("{E53339B2-1760-4266-BCC7-CA923CBCF16C}") = "docker-compose", "docker-compose.dcproj", "{C7458079-905E-47AD-B0F8-6CD007160EA9}"
EndProject
Project("{2150E333-8FDC-42A3-9474-1A3956D46DE8}") = "Basket", "Basket", "{1FEB367E-19D9-426A-B0A5-2881F50019FC}"
EndProject
Project("{FAE04EC0-301F-11D3-BF4B-00C04F79EFBC}") = "Basket.API", "Services\Basket\Basket.API\Basket.API.csproj", "{2C4BA09B-0EE0-429C-8578-2300DE38617C}"
EndProject
Global
	GlobalSection(SolutionConfigurationPlatforms) = preSolution
		Debug|Any CPU = Debug|Any CPU
		Release|Any CPU = Release|Any CPU
	EndGlobalSection
	GlobalSection(ProjectConfigurationPlatforms) = postSolution
		{040006DB-577E-46F6-8430-8FDB4CB74FB0}.Debug|Any CPU.ActiveCfg = Debug|Any CPU
		{040006DB-577E-46F6-8430-8FDB4CB74FB0}.Debug|Any CPU.Build.0 = Debug|Any CPU
		{040006DB-577E-46F6-8430-8FDB4CB74FB0}.Release|Any CPU.ActiveCfg = Release|Any CPU
		{040006DB-577E-46F6-8430-8FDB4CB74FB0}.Release|Any CPU.Build.0 = Release|Any CPU
		{140FCED7-D903-4D5B-B7AF-8F839821A737}.Debug|Any CPU.ActiveCfg = Debug|Any CPU
		{140FCED7-D903-4D5B-B7AF-8F839821A737}.Debug|Any CPU.Build.0 = Debug|Any CPU
		{140FCED7-D903-4D5B-B7AF-8F839821A737}.Release|Any CPU.ActiveCfg = Release|Any CPU
		{140FCED7-D903-4D5B-B7AF-8F839821A737}.Release|Any CPU.Build.0 = Release|Any CPU
		{C7458079-905E-47AD-B0F8-6CD007160EA9}.Debug|Any CPU.ActiveCfg = Debug|Any CPU
		{C7458079-905E-47AD-B0F8-6CD007160EA9}.Debug|Any CPU.Build.0 = Debug|Any CPU
		{C7458079-905E-47AD-B0F8-6CD007160EA9}.Release|Any CPU.ActiveCfg = Release|Any CPU
		{C7458079-905E-47AD-B0F8-6CD007160EA9}.Release|Any CPU.Build.0 = Release|Any CPU
		{2C4BA09B-0EE0-429C-8578-2300DE38617C}.Debug|Any CPU.ActiveCfg = Debug|Any CPU
		{2C4BA09B-0EE0-429C-8578-2300DE38617C}.Debug|Any CPU.Build.0 = Debug|Any CPU
		{2C4BA09B-0EE0-429C-8578-2300DE38617C}.Release|Any CPU.ActiveCfg = Release|Any CPU
		{2C4BA09B-0EE0-429C-8578-2300DE38617C}.Release|Any CPU.Build.0 = Release|Any CPU
	EndGlobalSection
	GlobalSection(SolutionProperties) = preSolution
		HideSolutionNode = FALSE
	EndGlobalSection
	GlobalSection(NestedProjects) = preSolution
		{B4040274-59ED-4F97-A78A-8E1630028046} = {1AB9BEE8-B62C-4DDF-B581-C2AC8EA3879E}
		{0998C796-793C-4DD5-8EF1-A23031BC21F0} = {B4040274-59ED-4F97-A78A-8E1630028046}
		{040006DB-577E-46F6-8430-8FDB4CB74FB0} = {0998C796-793C-4DD5-8EF1-A23031BC21F0}
		{140FCED7-D903-4D5B-B7AF-8F839821A737} = {E7F23040-0CBB-47BD-B36D-44BD9CE05063}
		{1FEB367E-19D9-426A-B0A5-2881F50019FC} = {B4040274-59ED-4F97-A78A-8E1630028046}
		{2C4BA09B-0EE0-429C-8578-2300DE38617C} = {1FEB367E-19D9-426A-B0A5-2881F50019FC}
	EndGlobalSection
	GlobalSection(ExtensibilityGlobals) = postSolution
		SolutionGuid = {B98264F3-F3EA-4F3A-883A-6A79097B70E3}
	EndGlobalSection
EndGlobal
